// !$*UTF8*$!
{
	archiveVersion = 1;
	classes = {
	};
	objectVersion = 77;
	objects = {

/* Begin PBXBuildFile section */
		A2C45BD32CB016EC0049C4CD /* Journella.md in Resources */ = {isa = PBXBuildFile; fileRef = A2C45BD22CB016E70049C4CD /* Journella.md */; };
		A2C45BDB2CB0197B0049C4CD /* DancingScript.ttf in Resources */ = {isa = PBXBuildFile; fileRef = A2C45BDA2CB0197B0049C4CD /* DancingScript.ttf */; };
		A2C45BEE2CB019C80049C4CD /* Oswald.ttf in Resources */ = {isa = PBXBuildFile; fileRef = A2C45BED2CB019C80049C4CD /* Oswald.ttf */; };
		A2C45BF02CB019D40049C4CD /* PlayfairDisplay.ttf in Resources */ = {isa = PBXBuildFile; fileRef = A2C45BEF2CB019D40049C4CD /* PlayfairDisplay.ttf */; };
		A2C45BF22CB019DE0049C4CD /* RobotoMono.ttf in Resources */ = {isa = PBXBuildFile; fileRef = A2C45BF12CB019DE0049C4CD /* RobotoMono.ttf */; };
		A2C45BF62CB01AB50049C4CD /* FontEnum.swift in Sources */ = {isa = PBXBuildFile; fileRef = A2C45BF52CB01AB10049C4CD /* FontEnum.swift */; };
		A2C45BF92CB01C580049C4CD /* FontPickerView.swift in Sources */ = {isa = PBXBuildFile; fileRef = A2C45BF82CB01B000049C4CD /* FontPickerView.swift */; };
		A2C45BFC2CB0252C0049C4CD /* ColorExtension.swift in Sources */ = {isa = PBXBuildFile; fileRef = A2C45BFB2CB024E70049C4CD /* ColorExtension.swift */; };
		A2C45BFE2CB042570049C4CD /* JournalListView.swift in Sources */ = {isa = PBXBuildFile; fileRef = A2C45BFD2CB042540049C4CD /* JournalListView.swift */; };
		A2C45C032CB043650049C4CD /* TagMapper.swift in Sources */ = {isa = PBXBuildFile; fileRef = A2C45C022CB042EA0049C4CD /* TagMapper.swift */; };
		A2C45C042CB043690049C4CD /* Journal.swift in Sources */ = {isa = PBXBuildFile; fileRef = A2C45C002CB042A50049C4CD /* Journal.swift */; };
		A2C45C052CB0436D0049C4CD /* Tags.swift in Sources */ = {isa = PBXBuildFile; fileRef = A2C45C012CB042D60049C4CD /* Tags.swift */; };
		A2C45C072CB04D360049C4CD /* Media.xcassets in Resources */ = {isa = PBXBuildFile; fileRef = A2C45C062CB04D360049C4CD /* Media.xcassets */; };
		A2C45C0F2CB136130049C4CD /* AddNote.swift in Sources */ = {isa = PBXBuildFile; fileRef = A2C45C0E2CB136110049C4CD /* AddNote.swift */; };
		A2C45C112CB160E70049C4CD /* DateExtension.swift in Sources */ = {isa = PBXBuildFile; fileRef = A2C45C102CB160E60049C4CD /* DateExtension.swift */; };
		A2C45C132CB193BD0049C4CD /* NoteDetailView.swift in Sources */ = {isa = PBXBuildFile; fileRef = A2C45C122CB193B80049C4CD /* NoteDetailView.swift */; };
		A2C45C152CB1970D0049C4CD /* DatabaseHelper.swift in Sources */ = {isa = PBXBuildFile; fileRef = A2C45C142CB1970B0049C4CD /* DatabaseHelper.swift */; };
/* End PBXBuildFile section */

/* Begin PBXContainerItemProxy section */
		A2C45BB62CB0169A0049C4CD /* PBXContainerItemProxy */ = {
			isa = PBXContainerItemProxy;
			containerPortal = A2C45B9B2CB016980049C4CD /* Project object */;
			proxyType = 1;
			remoteGlobalIDString = A2C45BA22CB016980049C4CD;
			remoteInfo = Journella;
		};
		A2C45BC02CB0169A0049C4CD /* PBXContainerItemProxy */ = {
			isa = PBXContainerItemProxy;
			containerPortal = A2C45B9B2CB016980049C4CD /* Project object */;
			proxyType = 1;
			remoteGlobalIDString = A2C45BA22CB016980049C4CD;
			remoteInfo = Journella;
		};
/* End PBXContainerItemProxy section */

/* Begin PBXFileReference section */
		A2C45BA32CB016980049C4CD /* Journella.app */ = {isa = PBXFileReference; explicitFileType = wrapper.application; includeInIndex = 0; path = Journella.app; sourceTree = BUILT_PRODUCTS_DIR; };
		A2C45BB52CB0169A0049C4CD /* JournellaTests.xctest */ = {isa = PBXFileReference; explicitFileType = wrapper.cfbundle; includeInIndex = 0; path = JournellaTests.xctest; sourceTree = BUILT_PRODUCTS_DIR; };
		A2C45BBF2CB0169A0049C4CD /* JournellaUITests.xctest */ = {isa = PBXFileReference; explicitFileType = wrapper.cfbundle; includeInIndex = 0; path = JournellaUITests.xctest; sourceTree = BUILT_PRODUCTS_DIR; };
		A2C45BD22CB016E70049C4CD /* Journella.md */ = {isa = PBXFileReference; lastKnownFileType = net.daringfireball.markdown; path = Journella.md; sourceTree = "<group>"; };
		A2C45BDA2CB0197B0049C4CD /* DancingScript.ttf */ = {isa = PBXFileReference; lastKnownFileType = file; path = DancingScript.ttf; sourceTree = "<group>"; };
		A2C45BED2CB019C80049C4CD /* Oswald.ttf */ = {isa = PBXFileReference; lastKnownFileType = file; path = Oswald.ttf; sourceTree = "<group>"; };
		A2C45BEF2CB019D40049C4CD /* PlayfairDisplay.ttf */ = {isa = PBXFileReference; lastKnownFileType = file; path = PlayfairDisplay.ttf; sourceTree = "<group>"; };
		A2C45BF12CB019DE0049C4CD /* RobotoMono.ttf */ = {isa = PBXFileReference; lastKnownFileType = file; path = RobotoMono.ttf; sourceTree = "<group>"; };
		A2C45BF52CB01AB10049C4CD /* FontEnum.swift */ = {isa = PBXFileReference; lastKnownFileType = sourcecode.swift; path = FontEnum.swift; sourceTree = "<group>"; };
		A2C45BF82CB01B000049C4CD /* FontPickerView.swift */ = {isa = PBXFileReference; lastKnownFileType = sourcecode.swift; path = FontPickerView.swift; sourceTree = "<group>"; };
		A2C45BFB2CB024E70049C4CD /* ColorExtension.swift */ = {isa = PBXFileReference; lastKnownFileType = sourcecode.swift; path = ColorExtension.swift; sourceTree = "<group>"; };
		A2C45BFD2CB042540049C4CD /* JournalListView.swift */ = {isa = PBXFileReference; lastKnownFileType = sourcecode.swift; path = JournalListView.swift; sourceTree = "<group>"; };
		A2C45C002CB042A50049C4CD /* Journal.swift */ = {isa = PBXFileReference; lastKnownFileType = sourcecode.swift; path = Journal.swift; sourceTree = "<group>"; };
		A2C45C012CB042D60049C4CD /* Tags.swift */ = {isa = PBXFileReference; lastKnownFileType = sourcecode.swift; path = Tags.swift; sourceTree = "<group>"; };
		A2C45C022CB042EA0049C4CD /* TagMapper.swift */ = {isa = PBXFileReference; lastKnownFileType = sourcecode.swift; path = TagMapper.swift; sourceTree = "<group>"; };
		A2C45C062CB04D360049C4CD /* Media.xcassets */ = {isa = PBXFileReference; lastKnownFileType = folder.assetcatalog; path = Media.xcassets; sourceTree = "<group>"; };
		A2C45C0E2CB136110049C4CD /* AddNote.swift */ = {isa = PBXFileReference; lastKnownFileType = sourcecode.swift; path = AddNote.swift; sourceTree = "<group>"; };
		A2C45C102CB160E60049C4CD /* DateExtension.swift */ = {isa = PBXFileReference; lastKnownFileType = sourcecode.swift; path = DateExtension.swift; sourceTree = "<group>"; };
		A2C45C122CB193B80049C4CD /* NoteDetailView.swift */ = {isa = PBXFileReference; lastKnownFileType = sourcecode.swift; path = NoteDetailView.swift; sourceTree = "<group>"; };
		A2C45C142CB1970B0049C4CD /* DatabaseHelper.swift */ = {isa = PBXFileReference; lastKnownFileType = sourcecode.swift; path = DatabaseHelper.swift; sourceTree = "<group>"; };
/* End PBXFileReference section */

/* Begin PBXFileSystemSynchronizedBuildFileExceptionSet section */
		A2C45BF42CB01A6C0049C4CD /* Exceptions for "Journella" folder in "Journella" target */ = {
			isa = PBXFileSystemSynchronizedBuildFileExceptionSet;
			membershipExceptions = (
				Info.plist,
			);
			target = A2C45BA22CB016980049C4CD /* Journella */;
		};
/* End PBXFileSystemSynchronizedBuildFileExceptionSet section */

/* Begin PBXFileSystemSynchronizedRootGroup section */
		A2C45BA52CB016980049C4CD /* Journella */ = {
			isa = PBXFileSystemSynchronizedRootGroup;
			exceptions = (
				A2C45BF42CB01A6C0049C4CD /* Exceptions for "Journella" folder in "Journella" target */,
			);
			path = Journella;
			sourceTree = "<group>";
		};
		A2C45BB82CB0169A0049C4CD /* JournellaTests */ = {
			isa = PBXFileSystemSynchronizedRootGroup;
			path = JournellaTests;
			sourceTree = "<group>";
		};
		A2C45BC22CB0169A0049C4CD /* JournellaUITests */ = {
			isa = PBXFileSystemSynchronizedRootGroup;
			path = JournellaUITests;
			sourceTree = "<group>";
		};
/* End PBXFileSystemSynchronizedRootGroup section */

/* Begin PBXFrameworksBuildPhase section */
		A2C45BA02CB016980049C4CD /* Frameworks */ = {
			isa = PBXFrameworksBuildPhase;
			buildActionMask = 2147483647;
			files = (
			);
			runOnlyForDeploymentPostprocessing = 0;
		};
		A2C45BB22CB0169A0049C4CD /* Frameworks */ = {
			isa = PBXFrameworksBuildPhase;
			buildActionMask = 2147483647;
			files = (
			);
			runOnlyForDeploymentPostprocessing = 0;
		};
		A2C45BBC2CB0169A0049C4CD /* Frameworks */ = {
			isa = PBXFrameworksBuildPhase;
			buildActionMask = 2147483647;
			files = (
			);
			runOnlyForDeploymentPostprocessing = 0;
		};
/* End PBXFrameworksBuildPhase section */

/* Begin PBXGroup section */
		A2C45B9A2CB016980049C4CD = {
			isa = PBXGroup;
			children = (
				A2C45C142CB1970B0049C4CD /* DatabaseHelper.swift */,
				A2C45C062CB04D360049C4CD /* Media.xcassets */,
				A2C45BFF2CB042A20049C4CD /* Model */,
				A2C45BFA2CB024E10049C4CD /* Utility */,
				A2C45BF72CB01AF90049C4CD /* Views */,
				A2C45BD82CB0193A0049C4CD /* Fonts */,
				A2C45BD22CB016E70049C4CD /* Journella.md */,
				A2C45BA52CB016980049C4CD /* Journella */,
				A2C45BB82CB0169A0049C4CD /* JournellaTests */,
				A2C45BC22CB0169A0049C4CD /* JournellaUITests */,
				A2C45BA42CB016980049C4CD /* Products */,
			);
			sourceTree = "<group>";
		};
		A2C45BA42CB016980049C4CD /* Products */ = {
			isa = PBXGroup;
			children = (
				A2C45BA32CB016980049C4CD /* Journella.app */,
				A2C45BB52CB0169A0049C4CD /* JournellaTests.xctest */,
				A2C45BBF2CB0169A0049C4CD /* JournellaUITests.xctest */,
			);
			name = Products;
			sourceTree = "<group>";
		};
		A2C45BD82CB0193A0049C4CD /* Fonts */ = {
			isa = PBXGroup;
			children = (
				A2C45BF52CB01AB10049C4CD /* FontEnum.swift */,
				A2C45BF12CB019DE0049C4CD /* RobotoMono.ttf */,
				A2C45BEF2CB019D40049C4CD /* PlayfairDisplay.ttf */,
				A2C45BDA2CB0197B0049C4CD /* DancingScript.ttf */,
				A2C45BED2CB019C80049C4CD /* Oswald.ttf */,
			);
			path = Fonts;
			sourceTree = "<group>";
		};
		A2C45BF72CB01AF90049C4CD /* Views */ = {
			isa = PBXGroup;
			children = (
				A2C45C122CB193B80049C4CD /* NoteDetailView.swift */,
				A2C45C0E2CB136110049C4CD /* AddNote.swift */,
				A2C45BFD2CB042540049C4CD /* JournalListView.swift */,
				A2C45BF82CB01B000049C4CD /* FontPickerView.swift */,
			);
			path = Views;
			sourceTree = "<group>";
		};
		A2C45BFA2CB024E10049C4CD /* Utility */ = {
			isa = PBXGroup;
			children = (
				A2C45C102CB160E60049C4CD /* DateExtension.swift */,
				A2C45BFB2CB024E70049C4CD /* ColorExtension.swift */,
			);
			path = Utility;
			sourceTree = "<group>";
		};
		A2C45BFF2CB042A20049C4CD /* Model */ = {
			isa = PBXGroup;
			children = (
				A2C45C022CB042EA0049C4CD /* TagMapper.swift */,
				A2C45C012CB042D60049C4CD /* Tags.swift */,
				A2C45C002CB042A50049C4CD /* Journal.swift */,
			);
			path = Model;
			sourceTree = "<group>";
		};
/* End PBXGroup section */

/* Begin PBXNativeTarget section */
		A2C45BA22CB016980049C4CD /* Journella */ = {
			isa = PBXNativeTarget;
			buildConfigurationList = A2C45BC92CB0169A0049C4CD /* Build configuration list for PBXNativeTarget "Journella" */;
			buildPhases = (
				A2C45B9F2CB016980049C4CD /* Sources */,
				A2C45BA02CB016980049C4CD /* Frameworks */,
				A2C45BA12CB016980049C4CD /* Resources */,
			);
			buildRules = (
			);
			dependencies = (
			);
			fileSystemSynchronizedGroups = (
				A2C45BA52CB016980049C4CD /* Journella */,
			);
			name = Journella;
			packageProductDependencies = (
			);
			productName = Journella;
			productReference = A2C45BA32CB016980049C4CD /* Journella.app */;
			productType = "com.apple.product-type.application";
		};
		A2C45BB42CB0169A0049C4CD /* JournellaTests */ = {
			isa = PBXNativeTarget;
			buildConfigurationList = A2C45BCC2CB0169A0049C4CD /* Build configuration list for PBXNativeTarget "JournellaTests" */;
			buildPhases = (
				A2C45BB12CB0169A0049C4CD /* Sources */,
				A2C45BB22CB0169A0049C4CD /* Frameworks */,
				A2C45BB32CB0169A0049C4CD /* Resources */,
			);
			buildRules = (
			);
			dependencies = (
				A2C45BB72CB0169A0049C4CD /* PBXTargetDependency */,
			);
			fileSystemSynchronizedGroups = (
				A2C45BB82CB0169A0049C4CD /* JournellaTests */,
			);
			name = JournellaTests;
			packageProductDependencies = (
			);
			productName = JournellaTests;
			productReference = A2C45BB52CB0169A0049C4CD /* JournellaTests.xctest */;
			productType = "com.apple.product-type.bundle.unit-test";
		};
		A2C45BBE2CB0169A0049C4CD /* JournellaUITests */ = {
			isa = PBXNativeTarget;
			buildConfigurationList = A2C45BCF2CB0169A0049C4CD /* Build configuration list for PBXNativeTarget "JournellaUITests" */;
			buildPhases = (
				A2C45BBB2CB0169A0049C4CD /* Sources */,
				A2C45BBC2CB0169A0049C4CD /* Frameworks */,
				A2C45BBD2CB0169A0049C4CD /* Resources */,
			);
			buildRules = (
			);
			dependencies = (
				A2C45BC12CB0169A0049C4CD /* PBXTargetDependency */,
			);
			fileSystemSynchronizedGroups = (
				A2C45BC22CB0169A0049C4CD /* JournellaUITests */,
			);
			name = JournellaUITests;
			packageProductDependencies = (
			);
			productName = JournellaUITests;
			productReference = A2C45BBF2CB0169A0049C4CD /* JournellaUITests.xctest */;
			productType = "com.apple.product-type.bundle.ui-testing";
		};
/* End PBXNativeTarget section */

/* Begin PBXProject section */
		A2C45B9B2CB016980049C4CD /* Project object */ = {
			isa = PBXProject;
			attributes = {
				BuildIndependentTargetsInParallel = 1;
				LastSwiftUpdateCheck = 1610;
				LastUpgradeCheck = 1610;
				TargetAttributes = {
					A2C45BA22CB016980049C4CD = {
						CreatedOnToolsVersion = 16.1;
					};
					A2C45BB42CB0169A0049C4CD = {
						CreatedOnToolsVersion = 16.1;
						TestTargetID = A2C45BA22CB016980049C4CD;
					};
					A2C45BBE2CB0169A0049C4CD = {
						CreatedOnToolsVersion = 16.1;
						TestTargetID = A2C45BA22CB016980049C4CD;
					};
				};
			};
			buildConfigurationList = A2C45B9E2CB016980049C4CD /* Build configuration list for PBXProject "Journella" */;
			developmentRegion = en;
			hasScannedForEncodings = 0;
			knownRegions = (
				en,
				Base,
			);
			mainGroup = A2C45B9A2CB016980049C4CD;
			minimizedProjectReferenceProxies = 1;
			preferredProjectObjectVersion = 77;
			productRefGroup = A2C45BA42CB016980049C4CD /* Products */;
			projectDirPath = "";
			projectRoot = "";
			targets = (
				A2C45BA22CB016980049C4CD /* Journella */,
				A2C45BB42CB0169A0049C4CD /* JournellaTests */,
				A2C45BBE2CB0169A0049C4CD /* JournellaUITests */,
			);
		};
/* End PBXProject section */

/* Begin PBXResourcesBuildPhase section */
		A2C45BA12CB016980049C4CD /* Resources */ = {
			isa = PBXResourcesBuildPhase;
			buildActionMask = 2147483647;
			files = (
				A2C45BD32CB016EC0049C4CD /* Journella.md in Resources */,
				A2C45C072CB04D360049C4CD /* Media.xcassets in Resources */,
				A2C45BEE2CB019C80049C4CD /* Oswald.ttf in Resources */,
				A2C45BF02CB019D40049C4CD /* PlayfairDisplay.ttf in Resources */,
				A2C45BDB2CB0197B0049C4CD /* DancingScript.ttf in Resources */,
				A2C45BF22CB019DE0049C4CD /* RobotoMono.ttf in Resources */,
			);
			runOnlyForDeploymentPostprocessing = 0;
		};
		A2C45BB32CB0169A0049C4CD /* Resources */ = {
			isa = PBXResourcesBuildPhase;
			buildActionMask = 2147483647;
			files = (
			);
			runOnlyForDeploymentPostprocessing = 0;
		};
		A2C45BBD2CB0169A0049C4CD /* Resources */ = {
			isa = PBXResourcesBuildPhase;
			buildActionMask = 2147483647;
			files = (
			);
			runOnlyForDeploymentPostprocessing = 0;
		};
/* End PBXResourcesBuildPhase section */

/* Begin PBXSourcesBuildPhase section */
		A2C45B9F2CB016980049C4CD /* Sources */ = {
			isa = PBXSourcesBuildPhase;
			buildActionMask = 2147483647;
			files = (
				A2C45BF62CB01AB50049C4CD /* FontEnum.swift in Sources */,
				A2C45C042CB043690049C4CD /* Journal.swift in Sources */,
				A2C45BF92CB01C580049C4CD /* FontPickerView.swift in Sources */,
				A2C45C032CB043650049C4CD /* TagMapper.swift in Sources */,
				A2C45BFC2CB0252C0049C4CD /* ColorExtension.swift in Sources */,
				A2C45C112CB160E70049C4CD /* DateExtension.swift in Sources */,
				A2C45C0F2CB136130049C4CD /* AddNote.swift in Sources */,
				A2C45C132CB193BD0049C4CD /* NoteDetailView.swift in Sources */,
				A2C45C152CB1970D0049C4CD /* DatabaseHelper.swift in Sources */,
				A2C45C052CB0436D0049C4CD /* Tags.swift in Sources */,
				A2C45BFE2CB042570049C4CD /* JournalListView.swift in Sources */,
			);
			runOnlyForDeploymentPostprocessing = 0;
		};
		A2C45BB12CB0169A0049C4CD /* Sources */ = {
			isa = PBXSourcesBuildPhase;
			buildActionMask = 2147483647;
			files = (
			);
			runOnlyForDeploymentPostprocessing = 0;
		};
		A2C45BBB2CB0169A0049C4CD /* Sources */ = {
			isa = PBXSourcesBuildPhase;
			buildActionMask = 2147483647;
			files = (
			);
			runOnlyForDeploymentPostprocessing = 0;
		};
/* End PBXSourcesBuildPhase section */

/* Begin PBXTargetDependency section */
		A2C45BB72CB0169A0049C4CD /* PBXTargetDependency */ = {
			isa = PBXTargetDependency;
			target = A2C45BA22CB016980049C4CD /* Journella */;
			targetProxy = A2C45BB62CB0169A0049C4CD /* PBXContainerItemProxy */;
		};
		A2C45BC12CB0169A0049C4CD /* PBXTargetDependency */ = {
			isa = PBXTargetDependency;
			target = A2C45BA22CB016980049C4CD /* Journella */;
			targetProxy = A2C45BC02CB0169A0049C4CD /* PBXContainerItemProxy */;
		};
/* End PBXTargetDependency section */

/* Begin XCBuildConfiguration section */
		A2C45BC72CB0169A0049C4CD /* Debug */ = {
			isa = XCBuildConfiguration;
			buildSettings = {
				ALWAYS_SEARCH_USER_PATHS = NO;
				ASSETCATALOG_COMPILER_GENERATE_SWIFT_ASSET_SYMBOL_EXTENSIONS = YES;
				CLANG_ANALYZER_NONNULL = YES;
				CLANG_ANALYZER_NUMBER_OBJECT_CONVERSION = YES_AGGRESSIVE;
				CLANG_CXX_LANGUAGE_STANDARD = "gnu++20";
				CLANG_ENABLE_MODULES = YES;
				CLANG_ENABLE_OBJC_ARC = YES;
				CLANG_ENABLE_OBJC_WEAK = YES;
				CLANG_WARN_BLOCK_CAPTURE_AUTORELEASING = YES;
				CLANG_WARN_BOOL_CONVERSION = YES;
				CLANG_WARN_COMMA = YES;
				CLANG_WARN_CONSTANT_CONVERSION = YES;
				CLANG_WARN_DEPRECATED_OBJC_IMPLEMENTATIONS = YES;
				CLANG_WARN_DIRECT_OBJC_ISA_USAGE = YES_ERROR;
				CLANG_WARN_DOCUMENTATION_COMMENTS = YES;
				CLANG_WARN_EMPTY_BODY = YES;
				CLANG_WARN_ENUM_CONVERSION = YES;
				CLANG_WARN_INFINITE_RECURSION = YES;
				CLANG_WARN_INT_CONVERSION = YES;
				CLANG_WARN_NON_LITERAL_NULL_CONVERSION = YES;
				CLANG_WARN_OBJC_IMPLICIT_RETAIN_SELF = YES;
				CLANG_WARN_OBJC_LITERAL_CONVERSION = YES;
				CLANG_WARN_OBJC_ROOT_CLASS = YES_ERROR;
				CLANG_WARN_QUOTED_INCLUDE_IN_FRAMEWORK_HEADER = YES;
				CLANG_WARN_RANGE_LOOP_ANALYSIS = YES;
				CLANG_WARN_STRICT_PROTOTYPES = YES;
				CLANG_WARN_SUSPICIOUS_MOVE = YES;
				CLANG_WARN_UNGUARDED_AVAILABILITY = YES_AGGRESSIVE;
				CLANG_WARN_UNREACHABLE_CODE = YES;
				CLANG_WARN__DUPLICATE_METHOD_MATCH = YES;
				COPY_PHASE_STRIP = NO;
				DEBUG_INFORMATION_FORMAT = dwarf;
				ENABLE_STRICT_OBJC_MSGSEND = YES;
				ENABLE_TESTABILITY = YES;
				ENABLE_USER_SCRIPT_SANDBOXING = YES;
				GCC_C_LANGUAGE_STANDARD = gnu17;
				GCC_DYNAMIC_NO_PIC = NO;
				GCC_NO_COMMON_BLOCKS = YES;
				GCC_OPTIMIZATION_LEVEL = 0;
				GCC_PREPROCESSOR_DEFINITIONS = (
					"DEBUG=1",
					"$(inherited)",
				);
				GCC_WARN_64_TO_32_BIT_CONVERSION = YES;
				GCC_WARN_ABOUT_RETURN_TYPE = YES_ERROR;
				GCC_WARN_UNDECLARED_SELECTOR = YES;
				GCC_WARN_UNINITIALIZED_AUTOS = YES_AGGRESSIVE;
				GCC_WARN_UNUSED_FUNCTION = YES;
				GCC_WARN_UNUSED_VARIABLE = YES;
				IPHONEOS_DEPLOYMENT_TARGET = 18.1;
				LOCALIZATION_PREFERS_STRING_CATALOGS = YES;
				MTL_ENABLE_DEBUG_INFO = INCLUDE_SOURCE;
				MTL_FAST_MATH = YES;
				ONLY_ACTIVE_ARCH = YES;
				SDKROOT = iphoneos;
				SWIFT_ACTIVE_COMPILATION_CONDITIONS = "DEBUG $(inherited)";
				SWIFT_OPTIMIZATION_LEVEL = "-Onone";
			};
			name = Debug;
		};
		A2C45BC82CB0169A0049C4CD /* Release */ = {
			isa = XCBuildConfiguration;
			buildSettings = {
				ALWAYS_SEARCH_USER_PATHS = NO;
				ASSETCATALOG_COMPILER_GENERATE_SWIFT_ASSET_SYMBOL_EXTENSIONS = YES;
				CLANG_ANALYZER_NONNULL = YES;
				CLANG_ANALYZER_NUMBER_OBJECT_CONVERSION = YES_AGGRESSIVE;
				CLANG_CXX_LANGUAGE_STANDARD = "gnu++20";
				CLANG_ENABLE_MODULES = YES;
				CLANG_ENABLE_OBJC_ARC = YES;
				CLANG_ENABLE_OBJC_WEAK = YES;
				CLANG_WARN_BLOCK_CAPTURE_AUTORELEASING = YES;
				CLANG_WARN_BOOL_CONVERSION = YES;
				CLANG_WARN_COMMA = YES;
				CLANG_WARN_CONSTANT_CONVERSION = YES;
				CLANG_WARN_DEPRECATED_OBJC_IMPLEMENTATIONS = YES;
				CLANG_WARN_DIRECT_OBJC_ISA_USAGE = YES_ERROR;
				CLANG_WARN_DOCUMENTATION_COMMENTS = YES;
				CLANG_WARN_EMPTY_BODY = YES;
				CLANG_WARN_ENUM_CONVERSION = YES;
				CLANG_WARN_INFINITE_RECURSION = YES;
				CLANG_WARN_INT_CONVERSION = YES;
				CLANG_WARN_NON_LITERAL_NULL_CONVERSION = YES;
				CLANG_WARN_OBJC_IMPLICIT_RETAIN_SELF = YES;
				CLANG_WARN_OBJC_LITERAL_CONVERSION = YES;
				CLANG_WARN_OBJC_ROOT_CLASS = YES_ERROR;
				CLANG_WARN_QUOTED_INCLUDE_IN_FRAMEWORK_HEADER = YES;
				CLANG_WARN_RANGE_LOOP_ANALYSIS = YES;
				CLANG_WARN_STRICT_PROTOTYPES = YES;
				CLANG_WARN_SUSPICIOUS_MOVE = YES;
				CLANG_WARN_UNGUARDED_AVAILABILITY = YES_AGGRESSIVE;
				CLANG_WARN_UNREACHABLE_CODE = YES;
				CLANG_WARN__DUPLICATE_METHOD_MATCH = YES;
				COPY_PHASE_STRIP = NO;
				DEBUG_INFORMATION_FORMAT = "dwarf-with-dsym";
				ENABLE_NS_ASSERTIONS = NO;
				ENABLE_STRICT_OBJC_MSGSEND = YES;
				ENABLE_USER_SCRIPT_SANDBOXING = YES;
				GCC_C_LANGUAGE_STANDARD = gnu17;
				GCC_NO_COMMON_BLOCKS = YES;
				GCC_WARN_64_TO_32_BIT_CONVERSION = YES;
				GCC_WARN_ABOUT_RETURN_TYPE = YES_ERROR;
				GCC_WARN_UNDECLARED_SELECTOR = YES;
				GCC_WARN_UNINITIALIZED_AUTOS = YES_AGGRESSIVE;
				GCC_WARN_UNUSED_FUNCTION = YES;
				GCC_WARN_UNUSED_VARIABLE = YES;
				IPHONEOS_DEPLOYMENT_TARGET = 18.1;
				LOCALIZATION_PREFERS_STRING_CATALOGS = YES;
				MTL_ENABLE_DEBUG_INFO = NO;
				MTL_FAST_MATH = YES;
				SDKROOT = iphoneos;
				SWIFT_COMPILATION_MODE = wholemodule;
				VALIDATE_PRODUCT = YES;
			};
			name = Release;
		};
		A2C45BCA2CB0169A0049C4CD /* Debug */ = {
			isa = XCBuildConfiguration;
			buildSettings = {
				ASSETCATALOG_COMPILER_APPICON_NAME = AppIcon;
				ASSETCATALOG_COMPILER_GLOBAL_ACCENT_COLOR_NAME = AccentColor;
				CODE_SIGN_STYLE = Automatic;
				CURRENT_PROJECT_VERSION = 1;
				DEVELOPMENT_ASSET_PATHS = "\"Journella/Preview Content\"";
				DEVELOPMENT_TEAM = 4G9L8BJP6U;
				ENABLE_PREVIEWS = YES;
				GENERATE_INFOPLIST_FILE = YES;
				INFOPLIST_FILE = Journella/Info.plist;
				INFOPLIST_KEY_UIApplicationSceneManifest_Generation = YES;
				INFOPLIST_KEY_UIApplicationSupportsIndirectInputEvents = YES;
				INFOPLIST_KEY_UILaunchScreen_Generation = YES;
				INFOPLIST_KEY_UISupportedInterfaceOrientations_iPad = "UIInterfaceOrientationPortrait UIInterfaceOrientationPortraitUpsideDown UIInterfaceOrientationLandscapeLeft UIInterfaceOrientationLandscapeRight";
				INFOPLIST_KEY_UISupportedInterfaceOrientations_iPhone = "UIInterfaceOrientationPortrait UIInterfaceOrientationLandscapeLeft UIInterfaceOrientationLandscapeRight";
				LD_RUNPATH_SEARCH_PATHS = (
					"$(inherited)",
					"@executable_path/Frameworks",
				);
				MARKETING_VERSION = 1.0;
				PRODUCT_BUNDLE_IDENTIFIER = com.arka.apps.Journella;
				PRODUCT_NAME = "$(TARGET_NAME)";
				SWIFT_EMIT_LOC_STRINGS = YES;
				SWIFT_VERSION = 5.0;
				TARGETED_DEVICE_FAMILY = "1,2";
			};
			name = Debug;
		};
		A2C45BCB2CB0169A0049C4CD /* Release */ = {
			isa = XCBuildConfiguration;
			buildSettings = {
				ASSETCATALOG_COMPILER_APPICON_NAME = AppIcon;
				ASSETCATALOG_COMPILER_GLOBAL_ACCENT_COLOR_NAME = AccentColor;
				CODE_SIGN_STYLE = Automatic;
				CURRENT_PROJECT_VERSION = 1;
				DEVELOPMENT_ASSET_PATHS = "\"Journella/Preview Content\"";
				DEVELOPMENT_TEAM = 4G9L8BJP6U;
				ENABLE_PREVIEWS = YES;
				GENERATE_INFOPLIST_FILE = YES;
				INFOPLIST_FILE = Journella/Info.plist;
				INFOPLIST_KEY_UIApplicationSceneManifest_Generation = YES;
				INFOPLIST_KEY_UIApplicationSupportsIndirectInputEvents = YES;
				INFOPLIST_KEY_UILaunchScreen_Generation = YES;
				INFOPLIST_KEY_UISupportedInterfaceOrientations_iPad = "UIInterfaceOrientationPortrait UIInterfaceOrientationPortraitUpsideDown UIInterfaceOrientationLandscapeLeft UIInterfaceOrientationLandscapeRight";
				INFOPLIST_KEY_UISupportedInterfaceOrientations_iPhone = "UIInterfaceOrientationPortrait UIInterfaceOrientationLandscapeLeft UIInterfaceOrientationLandscapeRight";
				LD_RUNPATH_SEARCH_PATHS = (
					"$(inherited)",
					"@executable_path/Frameworks",
				);
				MARKETING_VERSION = 1.0;
				PRODUCT_BUNDLE_IDENTIFIER = com.arka.apps.Journella;
				PRODUCT_NAME = "$(TARGET_NAME)";
				SWIFT_EMIT_LOC_STRINGS = YES;
				SWIFT_VERSION = 5.0;
				TARGETED_DEVICE_FAMILY = "1,2";
			};
			name = Release;
		};
		A2C45BCD2CB0169A0049C4CD /* Debug */ = {
			isa = XCBuildConfiguration;
			buildSettings = {
				BUNDLE_LOADER = "$(TEST_HOST)";
				CODE_SIGN_STYLE = Automatic;
				CURRENT_PROJECT_VERSION = 1;
				DEVELOPMENT_TEAM = 4G9L8BJP6U;
				GENERATE_INFOPLIST_FILE = YES;
				IPHONEOS_DEPLOYMENT_TARGET = 18.1;
				MARKETING_VERSION = 1.0;
				PRODUCT_BUNDLE_IDENTIFIER = com.arka.apps.JournellaTests;
				PRODUCT_NAME = "$(TARGET_NAME)";
				SWIFT_EMIT_LOC_STRINGS = NO;
				SWIFT_VERSION = 5.0;
				TARGETED_DEVICE_FAMILY = "1,2";
				TEST_HOST = "$(BUILT_PRODUCTS_DIR)/Journella.app/$(BUNDLE_EXECUTABLE_FOLDER_PATH)/Journella";
			};
			name = Debug;
		};
		A2C45BCE2CB0169A0049C4CD /* Release */ = {
			isa = XCBuildConfiguration;
			buildSettings = {
				BUNDLE_LOADER = "$(TEST_HOST)";
				CODE_SIGN_STYLE = Automatic;
				CURRENT_PROJECT_VERSION = 1;
				DEVELOPMENT_TEAM = 4G9L8BJP6U;
				GENERATE_INFOPLIST_FILE = YES;
				IPHONEOS_DEPLOYMENT_TARGET = 18.1;
				MARKETING_VERSION = 1.0;
				PRODUCT_BUNDLE_IDENTIFIER = com.arka.apps.JournellaTests;
				PRODUCT_NAME = "$(TARGET_NAME)";
				SWIFT_EMIT_LOC_STRINGS = NO;
				SWIFT_VERSION = 5.0;
				TARGETED_DEVICE_FAMILY = "1,2";
				TEST_HOST = "$(BUILT_PRODUCTS_DIR)/Journella.app/$(BUNDLE_EXECUTABLE_FOLDER_PATH)/Journella";
			};
			name = Release;
		};
		A2C45BD02CB0169A0049C4CD /* Debug */ = {
			isa = XCBuildConfiguration;
			buildSettings = {
				CODE_SIGN_STYLE = Automatic;
				CURRENT_PROJECT_VERSION = 1;
				DEVELOPMENT_TEAM = 4G9L8BJP6U;
				GENERATE_INFOPLIST_FILE = YES;
				MARKETING_VERSION = 1.0;
				PRODUCT_BUNDLE_IDENTIFIER = com.arka.apps.JournellaUITests;
				PRODUCT_NAME = "$(TARGET_NAME)";
				SWIFT_EMIT_LOC_STRINGS = NO;
				SWIFT_VERSION = 5.0;
				TARGETED_DEVICE_FAMILY = "1,2";
				TEST_TARGET_NAME = Journella;
			};
			name = Debug;
		};
		A2C45BD12CB0169A0049C4CD /* Release */ = {
			isa = XCBuildConfiguration;
			buildSettings = {
				CODE_SIGN_STYLE = Automatic;
				CURRENT_PROJECT_VERSION = 1;
				DEVELOPMENT_TEAM = 4G9L8BJP6U;
				GENERATE_INFOPLIST_FILE = YES;
				MARKETING_VERSION = 1.0;
				PRODUCT_BUNDLE_IDENTIFIER = com.arka.apps.JournellaUITests;
				PRODUCT_NAME = "$(TARGET_NAME)";
				SWIFT_EMIT_LOC_STRINGS = NO;
				SWIFT_VERSION = 5.0;
				TARGETED_DEVICE_FAMILY = "1,2";
				TEST_TARGET_NAME = Journella;
			};
			name = Release;
		};
/* End XCBuildConfiguration section */

/* Begin XCConfigurationList section */
		A2C45B9E2CB016980049C4CD /* Build configuration list for PBXProject "Journella" */ = {
			isa = XCConfigurationList;
			buildConfigurations = (
				A2C45BC72CB0169A0049C4CD /* Debug */,
				A2C45BC82CB0169A0049C4CD /* Release */,
			);
			defaultConfigurationIsVisible = 0;
			defaultConfigurationName = Release;
		};
		A2C45BC92CB0169A0049C4CD /* Build configuration list for PBXNativeTarget "Journella" */ = {
			isa = XCConfigurationList;
			buildConfigurations = (
				A2C45BCA2CB0169A0049C4CD /* Debug */,
				A2C45BCB2CB0169A0049C4CD /* Release */,
			);
			defaultConfigurationIsVisible = 0;
			defaultConfigurationName = Release;
		};
		A2C45BCC2CB0169A0049C4CD /* Build configuration list for PBXNativeTarget "JournellaTests" */ = {
			isa = XCConfigurationList;
			buildConfigurations = (
				A2C45BCD2CB0169A0049C4CD /* Debug */,
				A2C45BCE2CB0169A0049C4CD /* Release */,
			);
			defaultConfigurationIsVisible = 0;
			defaultConfigurationName = Release;
		};
		A2C45BCF2CB0169A0049C4CD /* Build configuration list for PBXNativeTarget "JournellaUITests" */ = {
			isa = XCConfigurationList;
			buildConfigurations = (
				A2C45BD02CB0169A0049C4CD /* Debug */,
				A2C45BD12CB0169A0049C4CD /* Release */,
			);
			defaultConfigurationIsVisible = 0;
			defaultConfigurationName = Release;
		};
/* End XCConfigurationList section */
	};
	rootObject = A2C45B9B2CB016980049C4CD /* Project object */;
}
